// !$*UTF8*$!
{
	archiveVersion = 1;
	classes = {
	};
	objectVersion = 50;
	objects = {

/* Begin PBXBuildFile section */
		D75982E623550EA300B8B0B8 /* Whistle.swift in Sources */ = {isa = PBXBuildFile; fileRef = D75982E523550EA300B8B0B8 /* Whistle.swift */; };
		D75982E8235554CC00B8B0B8 /* ResultsTableViewController.swift in Sources */ = {isa = PBXBuildFile; fileRef = D75982E7235554CC00B8B0B8 /* ResultsTableViewController.swift */; };
		D77C3D73234D08920012678E /* AppDelegate.swift in Sources */ = {isa = PBXBuildFile; fileRef = D77C3D72234D08920012678E /* AppDelegate.swift */; };
		D77C3D75234D08920012678E /* SceneDelegate.swift in Sources */ = {isa = PBXBuildFile; fileRef = D77C3D74234D08920012678E /* SceneDelegate.swift */; };
		D77C3D77234D08920012678E /* ListWhistleTableViewController.swift in Sources */ = {isa = PBXBuildFile; fileRef = D77C3D76234D08920012678E /* ListWhistleTableViewController.swift */; };
		D77C3D7A234D08920012678E /* Main.storyboard in Resources */ = {isa = PBXBuildFile; fileRef = D77C3D78234D08920012678E /* Main.storyboard */; };
		D77C3D7C234D08930012678E /* Assets.xcassets in Resources */ = {isa = PBXBuildFile; fileRef = D77C3D7B234D08930012678E /* Assets.xcassets */; };
		D77C3D87234D0AFC0012678E /* RecordWhistleViewController.swift in Sources */ = {isa = PBXBuildFile; fileRef = D77C3D86234D0AFC0012678E /* RecordWhistleViewController.swift */; };
		D77C3D89234D26010012678E /* FuncionamentoGravacao.swift in Sources */ = {isa = PBXBuildFile; fileRef = D77C3D88234D26010012678E /* FuncionamentoGravacao.swift */; };
		D77C3D91234F6BE30012678E /* loadingViewRecorder.swift in Sources */ = {isa = PBXBuildFile; fileRef = D77C3D90234F6BE30012678E /* loadingViewRecorder.swift */; };
		D77C3D93234F6CAE0012678E /* ButtonRecorder.swift in Sources */ = {isa = PBXBuildFile; fileRef = D77C3D92234F6CAE0012678E /* ButtonRecorder.swift */; };
		D77C3D95234F6D0F0012678E /* statusRecorder.swift in Sources */ = {isa = PBXBuildFile; fileRef = D77C3D94234F6D0F0012678E /* statusRecorder.swift */; };
		D77C3D97234F6D580012678E /* Permission.swift in Sources */ = {isa = PBXBuildFile; fileRef = D77C3D96234F6D580012678E /* Permission.swift */; };
		D77C3D99234F6DBE0012678E /* getDocumentWhistler.swift in Sources */ = {isa = PBXBuildFile; fileRef = D77C3D98234F6DBE0012678E /* getDocumentWhistler.swift */; };
		D77C3D9B234FA0050012678E /* SelectGenreTableViewController.swift in Sources */ = {isa = PBXBuildFile; fileRef = D77C3D9A234FA0050012678E /* SelectGenreTableViewController.swift */; };
		D77C3D9D234FA48F0012678E /* AddComentsViewController.swift in Sources */ = {isa = PBXBuildFile; fileRef = D77C3D9C234FA48F0012678E /* AddComentsViewController.swift */; };
		D77C3D9F234FAA6A0012678E /* SubmitViewController.swift in Sources */ = {isa = PBXBuildFile; fileRef = D77C3D9E234FAA6A0012678E /* SubmitViewController.swift */; };
		D77C3DA3234FBD120012678E /* CloudKit.framework in Frameworks */ = {isa = PBXBuildFile; fileRef = D77C3DA2234FBD120012678E /* CloudKit.framework */; };
		D77C3DA5234FBD950012678E /* CloudKit.swift in Sources */ = {isa = PBXBuildFile; fileRef = D77C3DA4234FBD950012678E /* CloudKit.swift */; };
/* End PBXBuildFile section */

/* Begin PBXFileReference section */
		D75982E523550EA300B8B0B8 /* Whistle.swift */ = {isa = PBXFileReference; lastKnownFileType = sourcecode.swift; path = Whistle.swift; sourceTree = "<group>"; };
		D75982E7235554CC00B8B0B8 /* ResultsTableViewController.swift */ = {isa = PBXFileReference; lastKnownFileType = sourcecode.swift; path = ResultsTableViewController.swift; sourceTree = "<group>"; };
		D77C3D6F234D08910012678E /* CloudKitMusic.app */ = {isa = PBXFileReference; explicitFileType = wrapper.application; includeInIndex = 0; path = CloudKitMusic.app; sourceTree = BUILT_PRODUCTS_DIR; };
		D77C3D72234D08920012678E /* AppDelegate.swift */ = {isa = PBXFileReference; lastKnownFileType = sourcecode.swift; path = AppDelegate.swift; sourceTree = "<group>"; };
		D77C3D74234D08920012678E /* SceneDelegate.swift */ = {isa = PBXFileReference; lastKnownFileType = sourcecode.swift; path = SceneDelegate.swift; sourceTree = "<group>"; };
		D77C3D76234D08920012678E /* ListWhistleTableViewController.swift */ = {isa = PBXFileReference; lastKnownFileType = sourcecode.swift; path = ListWhistleTableViewController.swift; sourceTree = "<group>"; };
		D77C3D79234D08920012678E /* Base */ = {isa = PBXFileReference; lastKnownFileType = file.storyboard; name = Base; path = Base.lproj/Main.storyboard; sourceTree = "<group>"; };
		D77C3D7B234D08930012678E /* Assets.xcassets */ = {isa = PBXFileReference; lastKnownFileType = folder.assetcatalog; path = Assets.xcassets; sourceTree = "<group>"; };
		D77C3D80234D08930012678E /* Info.plist */ = {isa = PBXFileReference; lastKnownFileType = text.plist.xml; path = Info.plist; sourceTree = "<group>"; };
		D77C3D86234D0AFC0012678E /* RecordWhistleViewController.swift */ = {isa = PBXFileReference; lastKnownFileType = sourcecode.swift; path = RecordWhistleViewController.swift; sourceTree = "<group>"; };
		D77C3D88234D26010012678E /* FuncionamentoGravacao.swift */ = {isa = PBXFileReference; lastKnownFileType = sourcecode.swift; path = FuncionamentoGravacao.swift; sourceTree = "<group>"; };
		D77C3D90234F6BE30012678E /* loadingViewRecorder.swift */ = {isa = PBXFileReference; lastKnownFileType = sourcecode.swift; path = loadingViewRecorder.swift; sourceTree = "<group>"; };
		D77C3D92234F6CAE0012678E /* ButtonRecorder.swift */ = {isa = PBXFileReference; lastKnownFileType = sourcecode.swift; path = ButtonRecorder.swift; sourceTree = "<group>"; };
		D77C3D94234F6D0F0012678E /* statusRecorder.swift */ = {isa = PBXFileReference; lastKnownFileType = sourcecode.swift; path = statusRecorder.swift; sourceTree = "<group>"; };
		D77C3D96234F6D580012678E /* Permission.swift */ = {isa = PBXFileReference; lastKnownFileType = sourcecode.swift; path = Permission.swift; sourceTree = "<group>"; };
		D77C3D98234F6DBE0012678E /* getDocumentWhistler.swift */ = {isa = PBXFileReference; lastKnownFileType = sourcecode.swift; path = getDocumentWhistler.swift; sourceTree = "<group>"; };
		D77C3D9A234FA0050012678E /* SelectGenreTableViewController.swift */ = {isa = PBXFileReference; lastKnownFileType = sourcecode.swift; path = SelectGenreTableViewController.swift; sourceTree = "<group>"; };
		D77C3D9C234FA48F0012678E /* AddComentsViewController.swift */ = {isa = PBXFileReference; lastKnownFileType = sourcecode.swift; path = AddComentsViewController.swift; sourceTree = "<group>"; };
		D77C3D9E234FAA6A0012678E /* SubmitViewController.swift */ = {isa = PBXFileReference; lastKnownFileType = sourcecode.swift; path = SubmitViewController.swift; sourceTree = "<group>"; };
		D77C3DA0234FBCF90012678E /* CloudKitMusic.entitlements */ = {isa = PBXFileReference; lastKnownFileType = text.plist.entitlements; path = CloudKitMusic.entitlements; sourceTree = "<group>"; };
		D77C3DA2234FBD120012678E /* CloudKit.framework */ = {isa = PBXFileReference; lastKnownFileType = wrapper.framework; name = CloudKit.framework; path = System/Library/Frameworks/CloudKit.framework; sourceTree = SDKROOT; };
		D77C3DA4234FBD950012678E /* CloudKit.swift */ = {isa = PBXFileReference; lastKnownFileType = sourcecode.swift; path = CloudKit.swift; sourceTree = "<group>"; };
/* End PBXFileReference section */

/* Begin PBXFrameworksBuildPhase section */
		D77C3D6C234D08910012678E /* Frameworks */ = {
			isa = PBXFrameworksBuildPhase;
			buildActionMask = 2147483647;
			files = (
				D77C3DA3234FBD120012678E /* CloudKit.framework in Frameworks */,
			);
			runOnlyForDeploymentPostprocessing = 0;
		};
/* End PBXFrameworksBuildPhase section */

/* Begin PBXGroup section */
		D77C3D66234D08910012678E = {
			isa = PBXGroup;
			children = (
				D77C3D71234D08910012678E /* CloudKitMusic */,
				D77C3D70234D08910012678E /* Products */,
				D77C3DA1234FBD120012678E /* Frameworks */,
			);
			sourceTree = "<group>";
		};
		D77C3D70234D08910012678E /* Products */ = {
			isa = PBXGroup;
			children = (
				D77C3D6F234D08910012678E /* CloudKitMusic.app */,
			);
			name = Products;
			sourceTree = "<group>";
		};
		D77C3D71234D08910012678E /* CloudKitMusic */ = {
			isa = PBXGroup;
			children = (
				D77C3DA0234FBCF90012678E /* CloudKitMusic.entitlements */,
				D77C3D8B234F65C10012678E /* Model */,
				D77C3D8A234F65B30012678E /* View */,
				D77C3D8C234F65C70012678E /* Controller */,
				D77C3D8D234F66050012678E /* Comentarios */,
				D77C3D80234D08930012678E /* Info.plist */,
			);
			path = CloudKitMusic;
			sourceTree = "<group>";
		};
		D77C3D8A234F65B30012678E /* View */ = {
			isa = PBXGroup;
			children = (
				D77C3D7B234D08930012678E /* Assets.xcassets */,
				D77C3D78234D08920012678E /* Main.storyboard */,
			);
			path = View;
			sourceTree = "<group>";
		};
		D77C3D8B234F65C10012678E /* Model */ = {
			isa = PBXGroup;
			children = (
				D77C3D74234D08920012678E /* SceneDelegate.swift */,
				D77C3D72234D08920012678E /* AppDelegate.swift */,
				D75982E523550EA300B8B0B8 /* Whistle.swift */,
			);
			path = Model;
			sourceTree = "<group>";
		};
		D77C3D8C234F65C70012678E /* Controller */ = {
			isa = PBXGroup;
			children = (
				D77C3D8E234F6BA70012678E /* Extensions */,
				D77C3D76234D08920012678E /* ListWhistleTableViewController.swift */,
				D77C3D86234D0AFC0012678E /* RecordWhistleViewController.swift */,
				D77C3D9A234FA0050012678E /* SelectGenreTableViewController.swift */,
				D77C3D9C234FA48F0012678E /* AddComentsViewController.swift */,
				D77C3D9E234FAA6A0012678E /* SubmitViewController.swift */,
				D75982E7235554CC00B8B0B8 /* ResultsTableViewController.swift */,
			);
			path = Controller;
			sourceTree = "<group>";
		};
		D77C3D8D234F66050012678E /* Comentarios */ = {
			isa = PBXGroup;
			children = (
				D77C3D88234D26010012678E /* FuncionamentoGravacao.swift */,
				D77C3DA4234FBD950012678E /* CloudKit.swift */,
			);
			path = Comentarios;
			sourceTree = "<group>";
		};
		D77C3D8E234F6BA70012678E /* Extensions */ = {
			isa = PBXGroup;
			children = (
				D77C3D90234F6BE30012678E /* loadingViewRecorder.swift */,
				D77C3D92234F6CAE0012678E /* ButtonRecorder.swift */,
				D77C3D94234F6D0F0012678E /* statusRecorder.swift */,
				D77C3D96234F6D580012678E /* Permission.swift */,
				D77C3D98234F6DBE0012678E /* getDocumentWhistler.swift */,
			);
			path = Extensions;
			sourceTree = "<group>";
		};
		D77C3DA1234FBD120012678E /* Frameworks */ = {
			isa = PBXGroup;
			children = (
				D77C3DA2234FBD120012678E /* CloudKit.framework */,
			);
			name = Frameworks;
			sourceTree = "<group>";
		};
/* End PBXGroup section */

/* Begin PBXNativeTarget section */
		D77C3D6E234D08910012678E /* CloudKitMusic */ = {
			isa = PBXNativeTarget;
			buildConfigurationList = D77C3D83234D08930012678E /* Build configuration list for PBXNativeTarget "CloudKitMusic" */;
			buildPhases = (
				D77C3D6B234D08910012678E /* Sources */,
				D77C3D6C234D08910012678E /* Frameworks */,
				D77C3D6D234D08910012678E /* Resources */,
			);
			buildRules = (
			);
			dependencies = (
			);
			name = CloudKitMusic;
			productName = CloudKitMusic;
			productReference = D77C3D6F234D08910012678E /* CloudKitMusic.app */;
			productType = "com.apple.product-type.application";
		};
/* End PBXNativeTarget section */

/* Begin PBXProject section */
		D77C3D67234D08910012678E /* Project object */ = {
			isa = PBXProject;
			attributes = {
				LastSwiftUpdateCheck = 1110;
				LastUpgradeCheck = 1110;
				ORGANIZATIONNAME = AcademyMistic;
				TargetAttributes = {
					D77C3D6E234D08910012678E = {
						CreatedOnToolsVersion = 11.1;
					};
				};
			};
			buildConfigurationList = D77C3D6A234D08910012678E /* Build configuration list for PBXProject "CloudKitMusic" */;
			compatibilityVersion = "Xcode 9.3";
			developmentRegion = en;
			hasScannedForEncodings = 0;
			knownRegions = (
				en,
				Base,
			);
			mainGroup = D77C3D66234D08910012678E;
			productRefGroup = D77C3D70234D08910012678E /* Products */;
			projectDirPath = "";
			projectRoot = "";
			targets = (
				D77C3D6E234D08910012678E /* CloudKitMusic */,
			);
		};
/* End PBXProject section */

/* Begin PBXResourcesBuildPhase section */
		D77C3D6D234D08910012678E /* Resources */ = {
			isa = PBXResourcesBuildPhase;
			buildActionMask = 2147483647;
			files = (
				D77C3D7C234D08930012678E /* Assets.xcassets in Resources */,
				D77C3D7A234D08920012678E /* Main.storyboard in Resources */,
			);
			runOnlyForDeploymentPostprocessing = 0;
		};
/* End PBXResourcesBuildPhase section */

/* Begin PBXSourcesBuildPhase section */
		D77C3D6B234D08910012678E /* Sources */ = {
			isa = PBXSourcesBuildPhase;
			buildActionMask = 2147483647;
			files = (
				D77C3D77234D08920012678E /* ListWhistleTableViewController.swift in Sources */,
				D77C3D95234F6D0F0012678E /* statusRecorder.swift in Sources */,
				D77C3D73234D08920012678E /* AppDelegate.swift in Sources */,
				D77C3D89234D26010012678E /* FuncionamentoGravacao.swift in Sources */,
				D77C3DA5234FBD950012678E /* CloudKit.swift in Sources */,
				D77C3D91234F6BE30012678E /* loadingViewRecorder.swift in Sources */,
				D77C3D9F234FAA6A0012678E /* SubmitViewController.swift in Sources */,
				D77C3D87234D0AFC0012678E /* RecordWhistleViewController.swift in Sources */,
				D75982E8235554CC00B8B0B8 /* ResultsTableViewController.swift in Sources */,
				D77C3D9D234FA48F0012678E /* AddComentsViewController.swift in Sources */,
				D77C3D75234D08920012678E /* SceneDelegate.swift in Sources */,
				D77C3D97234F6D580012678E /* Permission.swift in Sources */,
				D77C3D93234F6CAE0012678E /* ButtonRecorder.swift in Sources */,
				D77C3D9B234FA0050012678E /* SelectGenreTableViewController.swift in Sources */,
				D77C3D99234F6DBE0012678E /* getDocumentWhistler.swift in Sources */,
				D75982E623550EA300B8B0B8 /* Whistle.swift in Sources */,
			);
			runOnlyForDeploymentPostprocessing = 0;
		};
/* End PBXSourcesBuildPhase section */

/* Begin PBXVariantGroup section */
		D77C3D78234D08920012678E /* Main.storyboard */ = {
			isa = PBXVariantGroup;
			children = (
				D77C3D79234D08920012678E /* Base */,
			);
			name = Main.storyboard;
			sourceTree = "<group>";
		};
/* End PBXVariantGroup section */

/* Begin XCBuildConfiguration section */
		D77C3D81234D08930012678E /* Debug */ = {
			isa = XCBuildConfiguration;
			buildSettings = {
				ALWAYS_SEARCH_USER_PATHS = NO;
				CLANG_ANALYZER_NONNULL = YES;
				CLANG_ANALYZER_NUMBER_OBJECT_CONVERSION = YES_AGGRESSIVE;
				CLANG_CXX_LANGUAGE_STANDARD = "gnu++14";
				CLANG_CXX_LIBRARY = "libc++";
				CLANG_ENABLE_MODULES = YES;
				CLANG_ENABLE_OBJC_ARC = YES;
				CLANG_ENABLE_OBJC_WEAK = YES;
				CLANG_WARN_BLOCK_CAPTURE_AUTORELEASING = YES;
				CLANG_WARN_BOOL_CONVERSION = YES;
				CLANG_WARN_COMMA = YES;
				CLANG_WARN_CONSTANT_CONVERSION = YES;
				CLANG_WARN_DEPRECATED_OBJC_IMPLEMENTATIONS = YES;
				CLANG_WARN_DIRECT_OBJC_ISA_USAGE = YES_ERROR;
				CLANG_WARN_DOCUMENTATION_COMMENTS = YES;
				CLANG_WARN_EMPTY_BODY = YES;
				CLANG_WARN_ENUM_CONVERSION = YES;
				CLANG_WARN_INFINITE_RECURSION = YES;
				CLANG_WARN_INT_CONVERSION = YES;
				CLANG_WARN_NON_LITERAL_NULL_CONVERSION = YES;
				CLANG_WARN_OBJC_IMPLICIT_RETAIN_SELF = YES;
				CLANG_WARN_OBJC_LITERAL_CONVERSION = YES;
				CLANG_WARN_OBJC_ROOT_CLASS = YES_ERROR;
				CLANG_WARN_RANGE_LOOP_ANALYSIS = YES;
				CLANG_WARN_STRICT_PROTOTYPES = YES;
				CLANG_WARN_SUSPICIOUS_MOVE = YES;
				CLANG_WARN_UNGUARDED_AVAILABILITY = YES_AGGRESSIVE;
				CLANG_WARN_UNREACHABLE_CODE = YES;
				CLANG_WARN__DUPLICATE_METHOD_MATCH = YES;
				CODE_SIGN_ALLOW_ENTITLEMENTS_MODIFICATION = YES;
				COPY_PHASE_STRIP = NO;
				DEBUG_INFORMATION_FORMAT = dwarf;
				ENABLE_STRICT_OBJC_MSGSEND = YES;
				ENABLE_TESTABILITY = YES;
				GCC_C_LANGUAGE_STANDARD = gnu11;
				GCC_DYNAMIC_NO_PIC = NO;
				GCC_NO_COMMON_BLOCKS = YES;
				GCC_OPTIMIZATION_LEVEL = 0;
				GCC_PREPROCESSOR_DEFINITIONS = (
					"DEBUG=1",
					"$(inherited)",
				);
				GCC_WARN_64_TO_32_BIT_CONVERSION = YES;
				GCC_WARN_ABOUT_RETURN_TYPE = YES_ERROR;
				GCC_WARN_UNDECLARED_SELECTOR = YES;
				GCC_WARN_UNINITIALIZED_AUTOS = YES_AGGRESSIVE;
				GCC_WARN_UNUSED_FUNCTION = YES;
				GCC_WARN_UNUSED_VARIABLE = YES;
				IPHONEOS_DEPLOYMENT_TARGET = 13.1;
				MTL_ENABLE_DEBUG_INFO = INCLUDE_SOURCE;
				MTL_FAST_MATH = YES;
				ONLY_ACTIVE_ARCH = YES;
				SDKROOT = iphoneos;
				SWIFT_ACTIVE_COMPILATION_CONDITIONS = DEBUG;
				SWIFT_OPTIMIZATION_LEVEL = "-Onone";
			};
			name = Debug;
		};
		D77C3D82234D08930012678E /* Release */ = {
			isa = XCBuildConfiguration;
			buildSettings = {
				ALWAYS_SEARCH_USER_PATHS = NO;
				CLANG_ANALYZER_NONNULL = YES;
				CLANG_ANALYZER_NUMBER_OBJECT_CONVERSION = YES_AGGRESSIVE;
				CLANG_CXX_LANGUAGE_STANDARD = "gnu++14";
				CLANG_CXX_LIBRARY = "libc++";
				CLANG_ENABLE_MODULES = YES;
				CLANG_ENABLE_OBJC_ARC = YES;
				CLANG_ENABLE_OBJC_WEAK = YES;
				CLANG_WARN_BLOCK_CAPTURE_AUTORELEASING = YES;
				CLANG_WARN_BOOL_CONVERSION = YES;
				CLANG_WARN_COMMA = YES;
				CLANG_WARN_CONSTANT_CONVERSION = YES;
				CLANG_WARN_DEPRECATED_OBJC_IMPLEMENTATIONS = YES;
				CLANG_WARN_DIRECT_OBJC_ISA_USAGE = YES_ERROR;
				CLANG_WARN_DOCUMENTATION_COMMENTS = YES;
				CLANG_WARN_EMPTY_BODY = YES;
				CLANG_WARN_ENUM_CONVERSION = YES;
				CLANG_WARN_INFINITE_RECURSION = YES;
				CLANG_WARN_INT_CONVERSION = YES;
				CLANG_WARN_NON_LITERAL_NULL_CONVERSION = YES;
				CLANG_WARN_OBJC_IMPLICIT_RETAIN_SELF = YES;
				CLANG_WARN_OBJC_LITERAL_CONVERSION = YES;
				CLANG_WARN_OBJC_ROOT_CLASS = YES_ERROR;
				CLANG_WARN_RANGE_LOOP_ANALYSIS = YES;
				CLANG_WARN_STRICT_PROTOTYPES = YES;
				CLANG_WARN_SUSPICIOUS_MOVE = YES;
				CLANG_WARN_UNGUARDED_AVAILABILITY = YES_AGGRESSIVE;
				CLANG_WARN_UNREACHABLE_CODE = YES;
				CLANG_WARN__DUPLICATE_METHOD_MATCH = YES;
				CODE_SIGN_ALLOW_ENTITLEMENTS_MODIFICATION = YES;
				COPY_PHASE_STRIP = NO;
				DEBUG_INFORMATION_FORMAT = "dwarf-with-dsym";
				ENABLE_NS_ASSERTIONS = NO;
				ENABLE_STRICT_OBJC_MSGSEND = YES;
				GCC_C_LANGUAGE_STANDARD = gnu11;
				GCC_NO_COMMON_BLOCKS = YES;
				GCC_WARN_64_TO_32_BIT_CONVERSION = YES;
				GCC_WARN_ABOUT_RETURN_TYPE = YES_ERROR;
				GCC_WARN_UNDECLARED_SELECTOR = YES;
				GCC_WARN_UNINITIALIZED_AUTOS = YES_AGGRESSIVE;
				GCC_WARN_UNUSED_FUNCTION = YES;
				GCC_WARN_UNUSED_VARIABLE = YES;
				IPHONEOS_DEPLOYMENT_TARGET = 13.1;
				MTL_ENABLE_DEBUG_INFO = NO;
				MTL_FAST_MATH = YES;
				SDKROOT = iphoneos;
				SWIFT_COMPILATION_MODE = wholemodule;
				SWIFT_OPTIMIZATION_LEVEL = "-O";
				VALIDATE_PRODUCT = YES;
			};
			name = Release;
		};
		D77C3D84234D08930012678E /* Debug */ = {
			isa = XCBuildConfiguration;
			buildSettings = {
				ASSETCATALOG_COMPILER_APPICON_NAME = AppIcon;
				CODE_SIGN_ENTITLEMENTS = CloudKitMusic/CloudKitMusic.entitlements;
				CODE_SIGN_STYLE = Automatic;
				DEVELOPMENT_TEAM = PQG7HAF33B;
				INFOPLIST_FILE = CloudKitMusic/Info.plist;
				LD_RUNPATH_SEARCH_PATHS = (
					"$(inherited)",
					"@executable_path/Frameworks",
				);
				PRODUCT_BUNDLE_IDENTIFIER = com.academymistic.CloudKitMusic;
				PRODUCT_NAME = "$(TARGET_NAME)";
				SWIFT_VERSION = 5.0;
				TARGETED_DEVICE_FAMILY = "1,2";
			};
			name = Debug;
		};
		D77C3D85234D08930012678E /* Release */ = {
			isa = XCBuildConfiguration;
			buildSettings = {
				ASSETCATALOG_COMPILER_APPICON_NAME = AppIcon;
				CODE_SIGN_ENTITLEMENTS = CloudKitMusic/CloudKitMusic.entitlements;
				CODE_SIGN_STYLE = Automatic;
				DEVELOPMENT_TEAM = PQG7HAF33B;
				INFOPLIST_FILE = CloudKitMusic/Info.plist;
				LD_RUNPATH_SEARCH_PATHS = (
					"$(inherited)",
					"@executable_path/Frameworks",
				);
				PRODUCT_BUNDLE_IDENTIFIER = com.academymistic.CloudKitMusic;
				PRODUCT_NAME = "$(TARGET_NAME)";
				SWIFT_VERSION = 5.0;
				TARGETED_DEVICE_FAMILY = "1,2";
			};
			name = Release;
		};
/* End XCBuildConfiguration section */

/* Begin XCConfigurationList section */
		D77C3D6A234D08910012678E /* Build configuration list for PBXProject "CloudKitMusic" */ = {
			isa = XCConfigurationList;
			buildConfigurations = (
				D77C3D81234D08930012678E /* Debug */,
				D77C3D82234D08930012678E /* Release */,
			);
			defaultConfigurationIsVisible = 0;
			defaultConfigurationName = Release;
		};
		D77C3D83234D08930012678E /* Build configuration list for PBXNativeTarget "CloudKitMusic" */ = {
			isa = XCConfigurationList;
			buildConfigurations = (
				D77C3D84234D08930012678E /* Debug */,
				D77C3D85234D08930012678E /* Release */,
			);
			defaultConfigurationIsVisible = 0;
			defaultConfigurationName = Release;
		};
/* End XCConfigurationList section */
	};
	rootObject = D77C3D67234D08910012678E /* Project object */;
}
